
Microsoft Visual Studio Solution File, Format Version 12.00
# Visual Studio 15
VisualStudioVersion = 15.0.27130.2027
MinimumVisualStudioVersion = 10.0.40219.1
Project("{9092AA53-FB77-4645-B42D-1CCCA6BD08BD}") = "objectTest", "objectTest\objectTest.njsproj", "{608AB5AC-A30C-4AF0-93F4-CA39484A67DC}"
EndProject
Project("{9092AA53-FB77-4645-B42D-1CCCA6BD08BD}") = "ScoreToHtml", "ScoreToHtml\ScoreToHtml.njsproj", "{4DD8694D-B6C6-4D53-B5F4-90E9B072E3E8}"
EndProject
Global
	GlobalSection(SolutionConfigurationPlatforms) = preSolution
		Debug|Any CPU = Debug|Any CPU
		Release|Any CPU = Release|Any CPU
	EndGlobalSection
	GlobalSection(ProjectConfigurationPlatforms) = postSolution
		{608AB5AC-A30C-4AF0-93F4-CA39484A67DC}.Debug|Any CPU.ActiveCfg = Debug|Any CPU
		{608AB5AC-A30C-4AF0-93F4-CA39484A67DC}.Debug|Any CPU.Build.0 = Debug|Any CPU
		{608AB5AC-A30C-4AF0-93F4-CA39484A67DC}.Release|Any CPU.ActiveCfg = Release|Any CPU
		{608AB5AC-A30C-4AF0-93F4-CA39484A67DC}.Release|Any CPU.Build.0 = Release|Any CPU
		{4DD8694D-B6C6-4D53-B5F4-90E9B072E3E8}.Debug|Any CPU.ActiveCfg = Debug|Any CPU
		{4DD8694D-B6C6-4D53-B5F4-90E9B072E3E8}.Debug|Any CPU.Build.0 = Debug|Any CPU
		{4DD8694D-B6C6-4D53-B5F4-90E9B072E3E8}.Release|Any CPU.ActiveCfg = Release|Any CPU
		{4DD8694D-B6C6-4D53-B5F4-90E9B072E3E8}.Release|Any CPU.Build.0 = Release|Any CPU
	EndGlobalSection
	GlobalSection(SolutionProperties) = preSolution
		HideSolutionNode = FALSE
	EndGlobalSection
	GlobalSection(ExtensibilityGlobals) = postSolution
		SolutionGuid = {D535F08E-C30C-489B-9A44-4DB1CA0967BA}
	EndGlobalSection
EndGlobal
